// !$*UTF8*$!
{
	archiveVersion = 1;
	classes = {
	};
	objectVersion = 77;
	objects = {

/* Begin PBXBuildFile section */
		032FC8C187BB3FA9A9683F43 /* NIFTYOptionsDashboard.swift in Sources */ = {isa = PBXBuildFile; fileRef = B77B493D0956F99265CA589E /* NIFTYOptionsDashboard.swift */; };
		0470F0865E4A717A12115E5A /* TradingAnalyticsView.swift in Sources */ = {isa = PBXBuildFile; fileRef = B9373D9952361E374F8577EE /* TradingAnalyticsView.swift */; };
		0519FE480620150ABDA8ACD8 /* TradeSuggestionView.swift in Sources */ = {isa = PBXBuildFile; fileRef = 75AB54B4F962B230C0C29451 /* TradeSuggestionView.swift */; };
		058BAF344336876112282DC6 /* TechnicalIndicatorsManager.swift in Sources */ = {isa = PBXBuildFile; fileRef = 10192B4AE7444B4A1D3B90EA /* TechnicalIndicatorsManager.swift */; };
		05992AB83596E51DC094548D /* DataExportManager.swift in Sources */ = {isa = PBXBuildFile; fileRef = F443D97350C4BF03B0296C7C /* DataExportManager.swift */; };
		07190A533C5DDBCF9547D354 /* NotificationManager.swift in Sources */ = {isa = PBXBuildFile; fileRef = 1859E1C240537FBAD0D8C728 /* NotificationManager.swift */; };
		096D77BDFD7AC5D7C47A9239 /* SettingsView.swift in Sources */ = {isa = PBXBuildFile; fileRef = C8C9F1B2E459A7B58235B5B6 /* SettingsView.swift */; };
		09948ADE3962FD4C4BCD17A3 /* OptionsGreeksCalculator.swift in Sources */ = {isa = PBXBuildFile; fileRef = F3F0C06F6014478CC0C2B6C0 /* OptionsGreeksCalculator.swift */; };
		09C5B85B517B19DBEE7131B9 /* DataValidator.swift in Sources */ = {isa = PBXBuildFile; fileRef = 85707B2116247BD272C79AE8 /* DataValidator.swift */; };
		0AC79E9AC0F93F8A21DABC9D /* DataConnectionManager.swift in Sources */ = {isa = PBXBuildFile; fileRef = F21FBDE36341565510C39E46 /* DataConnectionManager.swift */; };
		0CB0A08269CA55AB81BEF080 /* NewsArticle.swift in Sources */ = {isa = PBXBuildFile; fileRef = 41E31B85C78E0CB8B249B1EF /* NewsArticle.swift */; };
		1C75A241A492220F270158A7 /* AlertConfiguration.swift in Sources */ = {isa = PBXBuildFile; fileRef = BCFF516939356674C59703F1 /* AlertConfiguration.swift */; };
		21798C5BD2AEBE62A66C9B12 /* AITradingOrchestrator.swift in Sources */ = {isa = PBXBuildFile; fileRef = 616E4F4900AEB9A39E78206F /* AITradingOrchestrator.swift */; };
		229A06CA2DA338A51E1CB4FE /* UIHelpers.swift in Sources */ = {isa = PBXBuildFile; fileRef = 13A43A44844D82C5ABEFE887 /* UIHelpers.swift */; };
		235C5113C4CC6F2C8C2F09F2 /* AlertEngine.swift in Sources */ = {isa = PBXBuildFile; fileRef = 27470A7B57E6B8C9260537AE /* AlertEngine.swift */; };
		261597605451F14D4AB76782 /* AgentCoordinator.swift in Sources */ = {isa = PBXBuildFile; fileRef = C2D935FCB6C8A727E33BB817 /* AgentCoordinator.swift */; };
		297954F826D4BD6E838E4B35 /* SecurityManager.swift in Sources */ = {isa = PBXBuildFile; fileRef = 9EA7F7A67E2EDBD21C889FA9 /* SecurityManager.swift */; };
		29B1EF28A5567096B07F6967 /* IntegrationTests.swift in Sources */ = {isa = PBXBuildFile; fileRef = 473963B861C75F541653B092 /* IntegrationTests.swift */; };
		2AB2AB2DB13CC22780C631BF /* LoginView.swift in Sources */ = {isa = PBXBuildFile; fileRef = ADCBD059E1928EABB8EDC8D6 /* LoginView.swift */; };
		2CC73B69BD8033A81770293F /* iOS-Trading-AppApp.swift in Sources */ = {isa = PBXBuildFile; fileRef = 51188FCCC1D2612EFE7ED894 /* iOS-Trading-AppApp.swift */; };
		3117C08713401ADE1AE35C47 /* SharedModels.swift in Sources */ = {isa = PBXBuildFile; fileRef = F2F3AB40B8BB7E78D9C43C86 /* SharedModels.swift */; };
		317E233C86D3732166FD0C51 /* DataProviders.swift in Sources */ = {isa = PBXBuildFile; fileRef = 33F5E78BE847A41DFA0660D7 /* DataProviders.swift */; };
		34A3492E388A157A0431D2E5 /* DataModels.swift in Sources */ = {isa = PBXBuildFile; fileRef = 5B1144224EA2E94734E0A369 /* DataModels.swift */; };
		3ABFF56A1740EEFA2FE23EF8 /* MarketAnalysisAgent.swift in Sources */ = {isa = PBXBuildFile; fileRef = 04C6162D0C83610DE4468E30 /* MarketAnalysisAgent.swift */; };
		3CE8B45C9DD34A33DCED6FBE /* AppStorePrep.swift in Sources */ = {isa = PBXBuildFile; fileRef = 164B86586FFAE684925CFBEB /* AppStorePrep.swift */; };
		4150F5859300A1CCB5F34098 /* PerformanceOptimizer.swift in Sources */ = {isa = PBXBuildFile; fileRef = 91A98AF3263BE7302686A0CD /* PerformanceOptimizer.swift */; };
		4355328919296B547920E666 /* ContinuousLearningManager.swift in Sources */ = {isa = PBXBuildFile; fileRef = 423606E5E75E879804D50354 /* ContinuousLearningManager.swift */; };
		4625C7DDDB7506937E9F8A80 /* PatternScannerView.swift in Sources */ = {isa = PBXBuildFile; fileRef = 396990E108B8C83A15DF2117 /* PatternScannerView.swift */; };
		4B91DA7DF550259D704D213E /* OptionsChainAnalyzer.swift in Sources */ = {isa = PBXBuildFile; fileRef = 2A7EB0C06FFE92B11A25BD11 /* OptionsChainAnalyzer.swift */; };
		4DC8DFA37286E8CD7A825F31 /* PerformanceAnalyticsEngine.swift in Sources */ = {isa = PBXBuildFile; fileRef = 0675F2B943757ECF301E8E1A /* PerformanceAnalyticsEngine.swift */; };
		52659545A9F3A65E6414DED7 /* PatternModels.swift in Sources */ = {isa = PBXBuildFile; fileRef = A06DC71AFD4EA1CFD4680127 /* PatternModels.swift */; };
		550CDADE396D3ED801D1A145 /* UATTests.swift in Sources */ = {isa = PBXBuildFile; fileRef = C4662DECE5B4B4483DD388BB /* UATTests.swift */; };
		56EA4DAD605D364CAD322CE5 /* TradeSuggestionAlert.swift in Sources */ = {isa = PBXBuildFile; fileRef = 0EE58BDC84316D29752D4684 /* TradeSuggestionAlert.swift */; };
		5868E0EC5F8AA22E45A6BAFF /* PatternImportView.swift in Sources */ = {isa = PBXBuildFile; fileRef = A02FFFCC3025BE70E499754E /* PatternImportView.swift */; };
		58E18834C8F8456321AAA0F2 /* Config.swift in Sources */ = {isa = PBXBuildFile; fileRef = FF0953853617D2DAC95E4A5A /* Config.swift */; };
		5919DA54E17F37B79640B0CA /* ServiceProtocol.swift in Sources */ = {isa = PBXBuildFile; fileRef = BFAE9F9D1EE44B2EDD5DD1AD /* ServiceProtocol.swift */; };
		5BDEE0F07EA69F8D842DA40C /* WebSocketManager.swift in Sources */ = {isa = PBXBuildFile; fileRef = E03EB4EE84A53072A43639B4 /* WebSocketManager.swift */; };
		5F3BE8AE9A8F71DF551D14AD /* PatternRecognitionEngine.swift in Sources */ = {isa = PBXBuildFile; fileRef = 598C784ADC912B1054889CC7 /* PatternRecognitionEngine.swift */; };
		61AE6693DF56068F4F53F513 /* EngineProtocol.swift in Sources */ = {isa = PBXBuildFile; fileRef = 2154B87746F1C68867DC7219 /* EngineProtocol.swift */; };
		61E74211D36236B1794566EB /* PLCalculator.swift in Sources */ = {isa = PBXBuildFile; fileRef = F8E37CCFE4277241CAB80DB5 /* PLCalculator.swift */; };
		629011F2C9131B42C5FA5003 /* LaunchPrep.swift in Sources */ = {isa = PBXBuildFile; fileRef = BE07FBC9D789E4A95ED8EEBB /* LaunchPrep.swift */; };
		6530180D2FE18B596D1B6B33 /* SharedPatternModels.framework in Embed Frameworks */ = {isa = PBXBuildFile; fileRef = FAE83C9CCB98603A74770F3B /* SharedPatternModels.framework */; settings = {ATTRIBUTES = (CodeSignOnCopy, RemoveHeadersOnCopy, ); }; };
		68A2447F683652287590985C /* RiskManagementAgent.swift in Sources */ = {isa = PBXBuildFile; fileRef = 33777CA4D735FA79E787CA21 /* RiskManagementAgent.swift */; };
		69401DCC6A35702B2ABA9C08 /* ViewModelProtocol.swift in Sources */ = {isa = PBXBuildFile; fileRef = 49B1CCBEF5816EFD95367EF8 /* ViewModelProtocol.swift */; };
		69814886B25A37BE3091B1C5 /* TradeSuggestionManager.swift in Sources */ = {isa = PBXBuildFile; fileRef = 1A0286D91D065B1F9E5CD1B7 /* TradeSuggestionManager.swift */; };
		6DB09EB2EC4171FCF4133CF6 /* DataProviderProtocol.swift in Sources */ = {isa = PBXBuildFile; fileRef = C8B91860A584D3A2226A3B92 /* DataProviderProtocol.swift */; };
		73D255C32D78975C09B1616C /* SentimentAnalyzer.swift in Sources */ = {isa = PBXBuildFile; fileRef = 7CE44B88248F3B275B61B543 /* SentimentAnalyzer.swift */; };
		7450B7B3984B491D41B14A8E /* HistoricalTrainingManager.swift in Sources */ = {isa = PBXBuildFile; fileRef = 4BB5F08C8F0114EF26C0698B /* HistoricalTrainingManager.swift */; };
		75363FC137701816784D9101 /* PaperTradingView.swift in Sources */ = {isa = PBXBuildFile; fileRef = 3DCA29CD41094C9B1D736D39 /* PaperTradingView.swift */; };
		75468068A3F7FEA184B03728 /* NIFTYOptionsDataModels.swift in Sources */ = {isa = PBXBuildFile; fileRef = 445AA9FE1BC1D646CE463C8C /* NIFTYOptionsDataModels.swift */; };
		754FE2EF94F00E50908CDB3D /* OrderExecutor.swift in Sources */ = {isa = PBXBuildFile; fileRef = A4C54EF4BB7F4E9D9BCD6857 /* OrderExecutor.swift */; };
		768B7BEF94BB951E063A3E2E /* TradeSuggestionExtensions.swift in Sources */ = {isa = PBXBuildFile; fileRef = CDDA6791796F8B2D8B1248A3 /* TradeSuggestionExtensions.swift */; };
		76DC291D93CE2697F2B67144 /* ZerodhaAuthManager.swift in Sources */ = {isa = PBXBuildFile; fileRef = 9754FDAF88E39BF314A0CC39 /* ZerodhaAuthManager.swift */; };
		7E97F6796EFF04582215ABA6 /* TimeframeDataManager.swift in Sources */ = {isa = PBXBuildFile; fileRef = 058327B9663FB84E64E5D686 /* TimeframeDataManager.swift */; };
		8A5B89572D84029F956B5F7D /* BacktestingEngine.swift in Sources */ = {isa = PBXBuildFile; fileRef = F29A49FE416832FB34C8FEB8 /* BacktestingEngine.swift */; };
		8CEC948062978B68B70FEC29 /* OptionsStrategyModeler.swift in Sources */ = {isa = PBXBuildFile; fileRef = 25D11BEDEA402FA4CE038491 /* OptionsStrategyModeler.swift */; };
		99673743093F476C95BCED1A /* ProtocolConformanceTests.swift in Sources */ = {isa = PBXBuildFile; fileRef = FB147D9F9ABD9812B4E91561 /* ProtocolConformanceTests.swift */; };
		9E007A28342033FFC8FDF2B3 /* ZerodhaAPIClient.swift in Sources */ = {isa = PBXBuildFile; fileRef = 64E441BDA5A2E1253E8A4053 /* ZerodhaAPIClient.swift */; };
		9EA27650788B53F9E074F96B /* AnalyticsEnums.swift in Sources */ = {isa = PBXBuildFile; fileRef = 01C801A92EC09B26A0CD3AFD /* AnalyticsEnums.swift */; };
		A2C49155DB40D2E6D581A29E /* AnalyticsDashboardView.swift in Sources */ = {isa = PBXBuildFile; fileRef = 85E61F3AF39BEE7C6C2D393B /* AnalyticsDashboardView.swift */; };
		A4F2AC35FF1CEEF43D4D855B /* PortfolioAnalyticsView.swift in Sources */ = {isa = PBXBuildFile; fileRef = 1D54A29963917B63B953A713 /* PortfolioAnalyticsView.swift */; };
		A880C2148DB710BDA851A217 /* AgentPerformanceDetailView.swift in Sources */ = {isa = PBXBuildFile; fileRef = 0D3CAD75531740A8170FE4CE /* AgentPerformanceDetailView.swift */; };
		AABDB9772E0D098B6C3DCC68 /* PerformanceAnalyticsView.swift in Sources */ = {isa = PBXBuildFile; fileRef = 07AB805ADA746E3E5DEFB00F /* PerformanceAnalyticsView.swift */; };
		ABA198DBA063F83A515F3D18 /* StrategySelectionAgent.swift in Sources */ = {isa = PBXBuildFile; fileRef = 2C5ED20292158AA89EFB8997 /* StrategySelectionAgent.swift */; };
		AD777290AFD57F4D47CB3064 /* MLModelManager.swift in Sources */ = {isa = PBXBuildFile; fileRef = C2B9E46840EAB8B7B06E78DD /* MLModelManager.swift */; };
		B343BBF8745C60DCB67BAFB9 /* UnitTests.swift in Sources */ = {isa = PBXBuildFile; fileRef = 55AA08E68138E7756464F55D /* UnitTests.swift */; };
		BCCF9248A1FEB1675199287F /* ChartView.swift in Sources */ = {isa = PBXBuildFile; fileRef = D91A955CB885F8649C9989F2 /* ChartView.swift */; };
		BD78641D8EA0CAAD1604164C /* NIFTYOptionsDataProvider.swift in Sources */ = {isa = PBXBuildFile; fileRef = 5E4A7B4D58C92B416F92C4B6 /* NIFTYOptionsDataProvider.swift */; };
		BE262E3DF74ECEBC66D489E8 /* NewsArticle+CoreDataProperties.swift in Sources */ = {isa = PBXBuildFile; fileRef = 8E738594B9BB686C33847C67 /* NewsArticle+CoreDataProperties.swift */; };
		C334E73F84E1103FD7432A85 /* IntradayPatternEngine.swift in Sources */ = {isa = PBXBuildFile; fileRef = 040CF49CB8FBDAD40E1FE32F /* IntradayPatternEngine.swift */; };
		C41A8A2D25C3DCBA21737FD3 /* CustomPatternCreationView.swift in Sources */ = {isa = PBXBuildFile; fileRef = 6E09489F37219CC03FEBAC5A /* CustomPatternCreationView.swift */; };
		C544147BBBBD238E04A45665 /* OptionsOrderExecutor.swift in Sources */ = {isa = PBXBuildFile; fileRef = 2010D4EB17798DD418304786 /* OptionsOrderExecutor.swift */; };
		C79E9AA8F4CB5BF3EAE544A8 /* PatternModels.swift in Sources */ = {isa = PBXBuildFile; fileRef = A06DC71AFD4EA1CFD4680127 /* PatternModels.swift */; };
		C7D03642C425D0150B971F14 /* TradingData.swift in Sources */ = {isa = PBXBuildFile; fileRef = 27CF33EB54D733E70CBF32FF /* TradingData.swift */; };
		C8FCAC86E207BFB6359DE691 /* RiskManagementDashboard.swift in Sources */ = {isa = PBXBuildFile; fileRef = 2070AAC2DF4AAE8F9ABFFBCF /* RiskManagementDashboard.swift */; };
		C9B4794D8163CCD6C7F2684B /* SharedPatternModels.framework in Frameworks */ = {isa = PBXBuildFile; fileRef = FAE83C9CCB98603A74770F3B /* SharedPatternModels.framework */; };
		CD69B3BA31F7A24C50633887 /* TechnicalAnalysisEngine.swift in Sources */ = {isa = PBXBuildFile; fileRef = 3DD99653DD9130C7B0F547EE /* TechnicalAnalysisEngine.swift */; };
		CE4281CDFCB8D8E42B3EA4EA /* ContentView.swift in Sources */ = {isa = PBXBuildFile; fileRef = D66ED26AD1BC09180F6BC227 /* ContentView.swift */; };
		D008E222D229DB57A3A65EE5 /* HistoricalDataEngine.swift in Sources */ = {isa = PBXBuildFile; fileRef = E51917E905906DD6F0C25D0A /* HistoricalDataEngine.swift */; };
		D73860D615D0FE8F7A508BB6 /* AIControlCenterView.swift in Sources */ = {isa = PBXBuildFile; fileRef = 7DEF0F447404F81BA29F614E /* AIControlCenterView.swift */; };
		DA810A18FE2E06FF37CD97CA /* TradingData+CoreDataProperties.swift in Sources */ = {isa = PBXBuildFile; fileRef = EADDBC01B330F304A65906B1 /* TradingData+CoreDataProperties.swift */; };
		DF489CC2F22B33BC504A4E52 /* VirtualPortfolio.swift in Sources */ = {isa = PBXBuildFile; fileRef = D1B8F541E6F7505D5071144D /* VirtualPortfolio.swift */; };
		E13D37374CCB6627D849B412 /* ImpliedVolatilityAnalyzer.swift in Sources */ = {isa = PBXBuildFile; fileRef = 545D33CC2A20CE2C98535306 /* ImpliedVolatilityAnalyzer.swift */; };
		E28C7227A850DDED481CDBF4 /* KeychainHelper.swift in Sources */ = {isa = PBXBuildFile; fileRef = 0987DB111069FC936F92729D /* KeychainHelper.swift */; };
		EC2445484C62A43E03420230 /* BacktestingView.swift in Sources */ = {isa = PBXBuildFile; fileRef = 64623DE4DF3DC634DFDAC090 /* BacktestingView.swift */; };
		F6F88AE0EDD98646000B62C6 /* BaseAgent.swift in Sources */ = {isa = PBXBuildFile; fileRef = 31B9CE6A4410204BF563E2DE /* BaseAgent.swift */; };
		F82065D436E3F23188B2F363 /* NewsAPIClient.swift in Sources */ = {isa = PBXBuildFile; fileRef = F5D26590F21171256F1048B8 /* NewsAPIClient.swift */; };
		F93A7894F90A3FE73CC626E3 /* DataSyncManager.swift in Sources */ = {isa = PBXBuildFile; fileRef = BF85AA78F247310CAAF784AB /* DataSyncManager.swift */; };
		F9AA460AA0C49546A20DB3E9 /* AIAgentTrader.swift in Sources */ = {isa = PBXBuildFile; fileRef = 672F53DFF40A9D7EF6A4868B /* AIAgentTrader.swift */; };
		F9D60611346221A68DA5D205 /* AdvancedRiskManager.swift in Sources */ = {isa = PBXBuildFile; fileRef = 27729B18CCCC9B2D7107770A /* AdvancedRiskManager.swift */; };
		FACE43A286A6F53DB8D62939 /* Persistence.swift in Sources */ = {isa = PBXBuildFile; fileRef = 03AC4689E2075079745D5813 /* Persistence.swift */; };
		FCEC9F6B85F59BE4014F69F1 /* AuthManager.swift in Sources */ = {isa = PBXBuildFile; fileRef = A9553C0E4B17EE3F73653A5B /* AuthManager.swift */; };
/* End PBXBuildFile section */

/* Begin PBXContainerItemProxy section */
		49EE7717DBBD1947A4A2481F /* PBXContainerItemProxy */ = {
			isa = PBXContainerItemProxy;
			containerPortal = C0C1453B651AE1E5412D3DD5 /* Project object */;
			proxyType = 1;
			remoteGlobalIDString = 0F59D7989A757EF8B0725397;
			remoteInfo = "iOS-Trading-App";
		};
		A701EB950F101720E9BCA966 /* PBXContainerItemProxy */ = {
			isa = PBXContainerItemProxy;
			containerPortal = C0C1453B651AE1E5412D3DD5 /* Project object */;
			proxyType = 1;
			remoteGlobalIDString = 9A9A675DEFE6704DA69194C9;
			remoteInfo = SharedPatternModels;
		};
/* End PBXContainerItemProxy section */

/* Begin PBXCopyFilesBuildPhase section */
		CF30A7872C2F46BB72BF01E5 /* Embed Frameworks */ = {
			isa = PBXCopyFilesBuildPhase;
			buildActionMask = 2147483647;
			dstPath = "";
			dstSubfolderSpec = 10;
			files = (
				6530180D2FE18B596D1B6B33 /* SharedPatternModels.framework in Embed Frameworks */,
			);
			name = "Embed Frameworks";
			runOnlyForDeploymentPostprocessing = 0;
		};
/* End PBXCopyFilesBuildPhase section */

/* Begin PBXFileReference section */
		01C801A92EC09B26A0CD3AFD /* AnalyticsEnums.swift */ = {isa = PBXFileReference; lastKnownFileType = sourcecode.swift; path = AnalyticsEnums.swift; sourceTree = "<group>"; };
		03AC4689E2075079745D5813 /* Persistence.swift */ = {isa = PBXFileReference; lastKnownFileType = sourcecode.swift; path = Persistence.swift; sourceTree = "<group>"; };
		040CF49CB8FBDAD40E1FE32F /* IntradayPatternEngine.swift */ = {isa = PBXFileReference; lastKnownFileType = sourcecode.swift; path = IntradayPatternEngine.swift; sourceTree = "<group>"; };
		04C6162D0C83610DE4468E30 /* MarketAnalysisAgent.swift */ = {isa = PBXFileReference; lastKnownFileType = sourcecode.swift; path = MarketAnalysisAgent.swift; sourceTree = "<group>"; };
		058327B9663FB84E64E5D686 /* TimeframeDataManager.swift */ = {isa = PBXFileReference; lastKnownFileType = sourcecode.swift; path = TimeframeDataManager.swift; sourceTree = "<group>"; };
		0675F2B943757ECF301E8E1A /* PerformanceAnalyticsEngine.swift */ = {isa = PBXFileReference; lastKnownFileType = sourcecode.swift; path = PerformanceAnalyticsEngine.swift; sourceTree = "<group>"; };
		07AB805ADA746E3E5DEFB00F /* PerformanceAnalyticsView.swift */ = {isa = PBXFileReference; lastKnownFileType = sourcecode.swift; path = PerformanceAnalyticsView.swift; sourceTree = "<group>"; };
		0987DB111069FC936F92729D /* KeychainHelper.swift */ = {isa = PBXFileReference; lastKnownFileType = sourcecode.swift; path = KeychainHelper.swift; sourceTree = "<group>"; };
		0D3CAD75531740A8170FE4CE /* AgentPerformanceDetailView.swift */ = {isa = PBXFileReference; lastKnownFileType = sourcecode.swift; path = AgentPerformanceDetailView.swift; sourceTree = "<group>"; };
		0EE58BDC84316D29752D4684 /* TradeSuggestionAlert.swift */ = {isa = PBXFileReference; lastKnownFileType = sourcecode.swift; path = TradeSuggestionAlert.swift; sourceTree = "<group>"; };
		10192B4AE7444B4A1D3B90EA /* TechnicalIndicatorsManager.swift */ = {isa = PBXFileReference; lastKnownFileType = sourcecode.swift; path = TechnicalIndicatorsManager.swift; sourceTree = "<group>"; };
		13A43A44844D82C5ABEFE887 /* UIHelpers.swift */ = {isa = PBXFileReference; lastKnownFileType = sourcecode.swift; path = UIHelpers.swift; sourceTree = "<group>"; };
		1539B835F0A8D6C70CF41DA0 /* Info.plist */ = {isa = PBXFileReference; lastKnownFileType = text.plist; path = Info.plist; sourceTree = "<group>"; };
		164B86586FFAE684925CFBEB /* AppStorePrep.swift */ = {isa = PBXFileReference; lastKnownFileType = sourcecode.swift; path = AppStorePrep.swift; sourceTree = "<group>"; };
		1859E1C240537FBAD0D8C728 /* NotificationManager.swift */ = {isa = PBXFileReference; lastKnownFileType = sourcecode.swift; path = NotificationManager.swift; sourceTree = "<group>"; };
		1A0286D91D065B1F9E5CD1B7 /* TradeSuggestionManager.swift */ = {isa = PBXFileReference; lastKnownFileType = sourcecode.swift; path = TradeSuggestionManager.swift; sourceTree = "<group>"; };
		1D54A29963917B63B953A713 /* PortfolioAnalyticsView.swift */ = {isa = PBXFileReference; lastKnownFileType = sourcecode.swift; path = PortfolioAnalyticsView.swift; sourceTree = "<group>"; };
		2010D4EB17798DD418304786 /* OptionsOrderExecutor.swift */ = {isa = PBXFileReference; lastKnownFileType = sourcecode.swift; path = OptionsOrderExecutor.swift; sourceTree = "<group>"; };
		2070AAC2DF4AAE8F9ABFFBCF /* RiskManagementDashboard.swift */ = {isa = PBXFileReference; lastKnownFileType = sourcecode.swift; path = RiskManagementDashboard.swift; sourceTree = "<group>"; };
		2154B87746F1C68867DC7219 /* EngineProtocol.swift */ = {isa = PBXFileReference; lastKnownFileType = sourcecode.swift; path = EngineProtocol.swift; sourceTree = "<group>"; };
		25D11BEDEA402FA4CE038491 /* OptionsStrategyModeler.swift */ = {isa = PBXFileReference; lastKnownFileType = sourcecode.swift; path = OptionsStrategyModeler.swift; sourceTree = "<group>"; };
		27470A7B57E6B8C9260537AE /* AlertEngine.swift */ = {isa = PBXFileReference; lastKnownFileType = sourcecode.swift; path = AlertEngine.swift; sourceTree = "<group>"; };
		27729B18CCCC9B2D7107770A /* AdvancedRiskManager.swift */ = {isa = PBXFileReference; lastKnownFileType = sourcecode.swift; path = AdvancedRiskManager.swift; sourceTree = "<group>"; };
		27CF33EB54D733E70CBF32FF /* TradingData.swift */ = {isa = PBXFileReference; lastKnownFileType = sourcecode.swift; path = TradingData.swift; sourceTree = "<group>"; };
		2A7EB0C06FFE92B11A25BD11 /* OptionsChainAnalyzer.swift */ = {isa = PBXFileReference; lastKnownFileType = sourcecode.swift; path = OptionsChainAnalyzer.swift; sourceTree = "<group>"; };
		2C5ED20292158AA89EFB8997 /* StrategySelectionAgent.swift */ = {isa = PBXFileReference; lastKnownFileType = sourcecode.swift; path = StrategySelectionAgent.swift; sourceTree = "<group>"; };
		31B9CE6A4410204BF563E2DE /* BaseAgent.swift */ = {isa = PBXFileReference; lastKnownFileType = sourcecode.swift; path = BaseAgent.swift; sourceTree = "<group>"; };
		33777CA4D735FA79E787CA21 /* RiskManagementAgent.swift */ = {isa = PBXFileReference; lastKnownFileType = sourcecode.swift; path = RiskManagementAgent.swift; sourceTree = "<group>"; };
		33F5E78BE847A41DFA0660D7 /* DataProviders.swift */ = {isa = PBXFileReference; lastKnownFileType = sourcecode.swift; path = DataProviders.swift; sourceTree = "<group>"; };
		396990E108B8C83A15DF2117 /* PatternScannerView.swift */ = {isa = PBXFileReference; lastKnownFileType = sourcecode.swift; path = PatternScannerView.swift; sourceTree = "<group>"; };
		3DCA29CD41094C9B1D736D39 /* PaperTradingView.swift */ = {isa = PBXFileReference; lastKnownFileType = sourcecode.swift; path = PaperTradingView.swift; sourceTree = "<group>"; };
		3DD99653DD9130C7B0F547EE /* TechnicalAnalysisEngine.swift */ = {isa = PBXFileReference; lastKnownFileType = sourcecode.swift; path = TechnicalAnalysisEngine.swift; sourceTree = "<group>"; };
		41E31B85C78E0CB8B249B1EF /* NewsArticle.swift */ = {isa = PBXFileReference; lastKnownFileType = sourcecode.swift; path = NewsArticle.swift; sourceTree = "<group>"; };
		423606E5E75E879804D50354 /* ContinuousLearningManager.swift */ = {isa = PBXFileReference; lastKnownFileType = sourcecode.swift; path = ContinuousLearningManager.swift; sourceTree = "<group>"; };
		445AA9FE1BC1D646CE463C8C /* NIFTYOptionsDataModels.swift */ = {isa = PBXFileReference; lastKnownFileType = sourcecode.swift; path = NIFTYOptionsDataModels.swift; sourceTree = "<group>"; };
		473963B861C75F541653B092 /* IntegrationTests.swift */ = {isa = PBXFileReference; lastKnownFileType = sourcecode.swift; path = IntegrationTests.swift; sourceTree = "<group>"; };
		49B1CCBEF5816EFD95367EF8 /* ViewModelProtocol.swift */ = {isa = PBXFileReference; lastKnownFileType = sourcecode.swift; path = ViewModelProtocol.swift; sourceTree = "<group>"; };
		4BB5F08C8F0114EF26C0698B /* HistoricalTrainingManager.swift */ = {isa = PBXFileReference; lastKnownFileType = sourcecode.swift; path = HistoricalTrainingManager.swift; sourceTree = "<group>"; };
		51188FCCC1D2612EFE7ED894 /* iOS-Trading-AppApp.swift */ = {isa = PBXFileReference; lastKnownFileType = sourcecode.swift; path = "iOS-Trading-AppApp.swift"; sourceTree = "<group>"; };
		545D33CC2A20CE2C98535306 /* ImpliedVolatilityAnalyzer.swift */ = {isa = PBXFileReference; lastKnownFileType = sourcecode.swift; path = ImpliedVolatilityAnalyzer.swift; sourceTree = "<group>"; };
		55AA08E68138E7756464F55D /* UnitTests.swift */ = {isa = PBXFileReference; lastKnownFileType = sourcecode.swift; path = UnitTests.swift; sourceTree = "<group>"; };
		598C784ADC912B1054889CC7 /* PatternRecognitionEngine.swift */ = {isa = PBXFileReference; lastKnownFileType = sourcecode.swift; path = PatternRecognitionEngine.swift; sourceTree = "<group>"; };
		5B1144224EA2E94734E0A369 /* DataModels.swift */ = {isa = PBXFileReference; lastKnownFileType = sourcecode.swift; path = DataModels.swift; sourceTree = "<group>"; };
		5E4A7B4D58C92B416F92C4B6 /* NIFTYOptionsDataProvider.swift */ = {isa = PBXFileReference; lastKnownFileType = sourcecode.swift; path = NIFTYOptionsDataProvider.swift; sourceTree = "<group>"; };
		616E4F4900AEB9A39E78206F /* AITradingOrchestrator.swift */ = {isa = PBXFileReference; lastKnownFileType = sourcecode.swift; path = AITradingOrchestrator.swift; sourceTree = "<group>"; };
		64623DE4DF3DC634DFDAC090 /* BacktestingView.swift */ = {isa = PBXFileReference; lastKnownFileType = sourcecode.swift; path = BacktestingView.swift; sourceTree = "<group>"; };
		64E441BDA5A2E1253E8A4053 /* ZerodhaAPIClient.swift */ = {isa = PBXFileReference; lastKnownFileType = sourcecode.swift; path = ZerodhaAPIClient.swift; sourceTree = "<group>"; };
		672F53DFF40A9D7EF6A4868B /* AIAgentTrader.swift */ = {isa = PBXFileReference; lastKnownFileType = sourcecode.swift; path = AIAgentTrader.swift; sourceTree = "<group>"; };
		6E09489F37219CC03FEBAC5A /* CustomPatternCreationView.swift */ = {isa = PBXFileReference; lastKnownFileType = sourcecode.swift; path = CustomPatternCreationView.swift; sourceTree = "<group>"; };
		75AB54B4F962B230C0C29451 /* TradeSuggestionView.swift */ = {isa = PBXFileReference; lastKnownFileType = sourcecode.swift; path = TradeSuggestionView.swift; sourceTree = "<group>"; };
		7CE44B88248F3B275B61B543 /* SentimentAnalyzer.swift */ = {isa = PBXFileReference; lastKnownFileType = sourcecode.swift; path = SentimentAnalyzer.swift; sourceTree = "<group>"; };
		7DEF0F447404F81BA29F614E /* AIControlCenterView.swift */ = {isa = PBXFileReference; lastKnownFileType = sourcecode.swift; path = AIControlCenterView.swift; sourceTree = "<group>"; };
		85707B2116247BD272C79AE8 /* DataValidator.swift */ = {isa = PBXFileReference; lastKnownFileType = sourcecode.swift; path = DataValidator.swift; sourceTree = "<group>"; };
		85E61F3AF39BEE7C6C2D393B /* AnalyticsDashboardView.swift */ = {isa = PBXFileReference; lastKnownFileType = sourcecode.swift; path = AnalyticsDashboardView.swift; sourceTree = "<group>"; };
		8E738594B9BB686C33847C67 /* NewsArticle+CoreDataProperties.swift */ = {isa = PBXFileReference; lastKnownFileType = sourcecode.swift; path = "NewsArticle+CoreDataProperties.swift"; sourceTree = "<group>"; };
		91A98AF3263BE7302686A0CD /* PerformanceOptimizer.swift */ = {isa = PBXFileReference; lastKnownFileType = sourcecode.swift; path = PerformanceOptimizer.swift; sourceTree = "<group>"; };
		9754FDAF88E39BF314A0CC39 /* ZerodhaAuthManager.swift */ = {isa = PBXFileReference; lastKnownFileType = sourcecode.swift; path = ZerodhaAuthManager.swift; sourceTree = "<group>"; };
		9EA7F7A67E2EDBD21C889FA9 /* SecurityManager.swift */ = {isa = PBXFileReference; lastKnownFileType = sourcecode.swift; path = SecurityManager.swift; sourceTree = "<group>"; };
		A02FFFCC3025BE70E499754E /* PatternImportView.swift */ = {isa = PBXFileReference; lastKnownFileType = sourcecode.swift; path = PatternImportView.swift; sourceTree = "<group>"; };
		A06DC71AFD4EA1CFD4680127 /* PatternModels.swift */ = {isa = PBXFileReference; lastKnownFileType = sourcecode.swift; path = PatternModels.swift; sourceTree = "<group>"; };
		A4C54EF4BB7F4E9D9BCD6857 /* OrderExecutor.swift */ = {isa = PBXFileReference; lastKnownFileType = sourcecode.swift; path = OrderExecutor.swift; sourceTree = "<group>"; };
		A9553C0E4B17EE3F73653A5B /* AuthManager.swift */ = {isa = PBXFileReference; lastKnownFileType = sourcecode.swift; path = AuthManager.swift; sourceTree = "<group>"; };
		AB09FDF2A16646F262C5ABE9 /* iOS-Trading-App.app */ = {isa = PBXFileReference; includeInIndex = 0; lastKnownFileType = wrapper.application; path = "iOS-Trading-App.app"; sourceTree = BUILT_PRODUCTS_DIR; };
		ADCBD059E1928EABB8EDC8D6 /* LoginView.swift */ = {isa = PBXFileReference; lastKnownFileType = sourcecode.swift; path = LoginView.swift; sourceTree = "<group>"; };
		B77B493D0956F99265CA589E /* NIFTYOptionsDashboard.swift */ = {isa = PBXFileReference; lastKnownFileType = sourcecode.swift; path = NIFTYOptionsDashboard.swift; sourceTree = "<group>"; };
		B9373D9952361E374F8577EE /* TradingAnalyticsView.swift */ = {isa = PBXFileReference; lastKnownFileType = sourcecode.swift; path = TradingAnalyticsView.swift; sourceTree = "<group>"; };
		BCFF516939356674C59703F1 /* AlertConfiguration.swift */ = {isa = PBXFileReference; lastKnownFileType = sourcecode.swift; path = AlertConfiguration.swift; sourceTree = "<group>"; };
		BE07FBC9D789E4A95ED8EEBB /* LaunchPrep.swift */ = {isa = PBXFileReference; lastKnownFileType = sourcecode.swift; path = LaunchPrep.swift; sourceTree = "<group>"; };
		BF85AA78F247310CAAF784AB /* DataSyncManager.swift */ = {isa = PBXFileReference; lastKnownFileType = sourcecode.swift; path = DataSyncManager.swift; sourceTree = "<group>"; };
		BFAE9F9D1EE44B2EDD5DD1AD /* ServiceProtocol.swift */ = {isa = PBXFileReference; lastKnownFileType = sourcecode.swift; path = ServiceProtocol.swift; sourceTree = "<group>"; };
		C2B9E46840EAB8B7B06E78DD /* MLModelManager.swift */ = {isa = PBXFileReference; lastKnownFileType = sourcecode.swift; path = MLModelManager.swift; sourceTree = "<group>"; };
		C2D935FCB6C8A727E33BB817 /* AgentCoordinator.swift */ = {isa = PBXFileReference; lastKnownFileType = sourcecode.swift; path = AgentCoordinator.swift; sourceTree = "<group>"; };
		C4662DECE5B4B4483DD388BB /* UATTests.swift */ = {isa = PBXFileReference; lastKnownFileType = sourcecode.swift; path = UATTests.swift; sourceTree = "<group>"; };
		C8B91860A584D3A2226A3B92 /* DataProviderProtocol.swift */ = {isa = PBXFileReference; lastKnownFileType = sourcecode.swift; path = DataProviderProtocol.swift; sourceTree = "<group>"; };
		C8C9F1B2E459A7B58235B5B6 /* SettingsView.swift */ = {isa = PBXFileReference; lastKnownFileType = sourcecode.swift; path = SettingsView.swift; sourceTree = "<group>"; };
		CDDA6791796F8B2D8B1248A3 /* TradeSuggestionExtensions.swift */ = {isa = PBXFileReference; lastKnownFileType = sourcecode.swift; path = TradeSuggestionExtensions.swift; sourceTree = "<group>"; };
		D1B8F541E6F7505D5071144D /* VirtualPortfolio.swift */ = {isa = PBXFileReference; lastKnownFileType = sourcecode.swift; path = VirtualPortfolio.swift; sourceTree = "<group>"; };
		D66ED26AD1BC09180F6BC227 /* ContentView.swift */ = {isa = PBXFileReference; lastKnownFileType = sourcecode.swift; path = ContentView.swift; sourceTree = "<group>"; };
		D91A955CB885F8649C9989F2 /* ChartView.swift */ = {isa = PBXFileReference; lastKnownFileType = sourcecode.swift; path = ChartView.swift; sourceTree = "<group>"; };
		E03EB4EE84A53072A43639B4 /* WebSocketManager.swift */ = {isa = PBXFileReference; lastKnownFileType = sourcecode.swift; path = WebSocketManager.swift; sourceTree = "<group>"; };
		E51917E905906DD6F0C25D0A /* HistoricalDataEngine.swift */ = {isa = PBXFileReference; lastKnownFileType = sourcecode.swift; path = HistoricalDataEngine.swift; sourceTree = "<group>"; };
		EADDBC01B330F304A65906B1 /* TradingData+CoreDataProperties.swift */ = {isa = PBXFileReference; lastKnownFileType = sourcecode.swift; path = "TradingData+CoreDataProperties.swift"; sourceTree = "<group>"; };
		F21FBDE36341565510C39E46 /* DataConnectionManager.swift */ = {isa = PBXFileReference; lastKnownFileType = sourcecode.swift; path = DataConnectionManager.swift; sourceTree = "<group>"; };
		F29A49FE416832FB34C8FEB8 /* BacktestingEngine.swift */ = {isa = PBXFileReference; lastKnownFileType = sourcecode.swift; path = BacktestingEngine.swift; sourceTree = "<group>"; };
		F2F3AB40B8BB7E78D9C43C86 /* SharedModels.swift */ = {isa = PBXFileReference; lastKnownFileType = sourcecode.swift; path = SharedModels.swift; sourceTree = "<group>"; };
		F3F0C06F6014478CC0C2B6C0 /* OptionsGreeksCalculator.swift */ = {isa = PBXFileReference; lastKnownFileType = sourcecode.swift; path = OptionsGreeksCalculator.swift; sourceTree = "<group>"; };
		F443D97350C4BF03B0296C7C /* DataExportManager.swift */ = {isa = PBXFileReference; lastKnownFileType = sourcecode.swift; path = DataExportManager.swift; sourceTree = "<group>"; };
		F5D26590F21171256F1048B8 /* NewsAPIClient.swift */ = {isa = PBXFileReference; lastKnownFileType = sourcecode.swift; path = NewsAPIClient.swift; sourceTree = "<group>"; };
		F8E37CCFE4277241CAB80DB5 /* PLCalculator.swift */ = {isa = PBXFileReference; lastKnownFileType = sourcecode.swift; path = PLCalculator.swift; sourceTree = "<group>"; };
		FA715AB68FE19BA9D34F5DA2 /* iOS-Trading-AppTests.xctest */ = {isa = PBXFileReference; includeInIndex = 0; lastKnownFileType = wrapper.cfbundle; path = "iOS-Trading-AppTests.xctest"; sourceTree = BUILT_PRODUCTS_DIR; };
		FAE83C9CCB98603A74770F3B /* SharedPatternModels.framework */ = {isa = PBXFileReference; explicitFileType = wrapper.framework; includeInIndex = 0; path = SharedPatternModels.framework; sourceTree = BUILT_PRODUCTS_DIR; };
		FB147D9F9ABD9812B4E91561 /* ProtocolConformanceTests.swift */ = {isa = PBXFileReference; lastKnownFileType = sourcecode.swift; path = ProtocolConformanceTests.swift; sourceTree = "<group>"; };
		FF0953853617D2DAC95E4A5A /* Config.swift */ = {isa = PBXFileReference; lastKnownFileType = sourcecode.swift; path = Config.swift; sourceTree = "<group>"; };
/* End PBXFileReference section */

/* Begin PBXFrameworksBuildPhase section */
		5AFB0BDE1A83AF0184D3FE28 /* Frameworks */ = {
			isa = PBXFrameworksBuildPhase;
			buildActionMask = 2147483647;
			files = (
				C9B4794D8163CCD6C7F2684B /* SharedPatternModels.framework in Frameworks */,
			);
			runOnlyForDeploymentPostprocessing = 0;
		};
/* End PBXFrameworksBuildPhase section */

/* Begin PBXGroup section */
		0CE974483089E1227826B8B4 /* Products */ = {
			isa = PBXGroup;
			children = (
				AB09FDF2A16646F262C5ABE9 /* iOS-Trading-App.app */,
				FA715AB68FE19BA9D34F5DA2 /* iOS-Trading-AppTests.xctest */,
				FAE83C9CCB98603A74770F3B /* SharedPatternModels.framework */,
			);
			name = Products;
			sourceTree = "<group>";
		};
		1551E4FA9D842DF8949EE085 = {
			isa = PBXGroup;
			children = (
				986AA51C66FA731DA805B38F /* Analytics */,
				7D31A6232FDF8BA2215FC5B4 /* Analyzers */,
				8FFA44AC04A19468E490940B /* Components */,
				324B3E1B159C05DD6A4D64D4 /* Engines */,
				218B763904BD15D330F5C9F6 /* Extensions */,
				75925E33639A3E57362E535D /* Managers */,
				BBCCE9BE9C052CC862DF06B5 /* Models */,
				5F9F4ED24EE945EBC3A77E88 /* Models */,
				43E2DD690256AC5812A76058 /* Networking */,
				661348B727FD7623D82F15E4 /* Notifications */,
				F9936815985B37CCA95D94ED /* Orchestrators */,
				318E4350C95EFCE1001A0F57 /* Persistence */,
				E26A68DDC6F51D534A4ED0F6 /* Protocols */,
				FDAFDE5F5C2D9F8D23353784 /* Providers */,
				E10F20375C3A391CD0BAEF7C /* Sources */,
				B99E436E2B1299A1B0FF80AD /* Tests */,
				1E20854B34636A55911A06FF /* Utilities */,
				E4CC2524ECBD464359113F6A /* ViewModels */,
				EB0B98A0BCD645E8A30B2D67 /* Views */,
				0CE974483089E1227826B8B4 /* Products */,
			);
			sourceTree = "<group>";
		};
		1E20854B34636A55911A06FF /* Utilities */ = {
			isa = PBXGroup;
			children = (
				BCFF516939356674C59703F1 /* AlertConfiguration.swift */,
				164B86586FFAE684925CFBEB /* AppStorePrep.swift */,
				FF0953853617D2DAC95E4A5A /* Config.swift */,
				85707B2116247BD272C79AE8 /* DataValidator.swift */,
				545D33CC2A20CE2C98535306 /* ImpliedVolatilityAnalyzer.swift */,
				0987DB111069FC936F92729D /* KeychainHelper.swift */,
				BE07FBC9D789E4A95ED8EEBB /* LaunchPrep.swift */,
				41E31B85C78E0CB8B249B1EF /* NewsArticle.swift */,
				03AC4689E2075079745D5813 /* Persistence.swift */,
				F8E37CCFE4277241CAB80DB5 /* PLCalculator.swift */,
				7CE44B88248F3B275B61B543 /* SentimentAnalyzer.swift */,
				0EE58BDC84316D29752D4684 /* TradeSuggestionAlert.swift */,
				CDDA6791796F8B2D8B1248A3 /* TradeSuggestionExtensions.swift */,
				13A43A44844D82C5ABEFE887 /* UIHelpers.swift */,
			);
			path = Utilities;
			sourceTree = "<group>";
		};
		218B763904BD15D330F5C9F6 /* Extensions */ = {
			isa = PBXGroup;
			children = (
			);
			name = Extensions;
			path = Core/Extensions;
			sourceTree = "<group>";
		};
		318E4350C95EFCE1001A0F57 /* Persistence */ = {
			isa = PBXGroup;
			children = (
			);
			name = Persistence;
			path = Data/Persistence;
			sourceTree = "<group>";
		};
		324B3E1B159C05DD6A4D64D4 /* Engines */ = {
			isa = PBXGroup;
			children = (
				2A7EB0C06FFE92B11A25BD11 /* OptionsChainAnalyzer.swift */,
				F3F0C06F6014478CC0C2B6C0 /* OptionsGreeksCalculator.swift */,
				2010D4EB17798DD418304786 /* OptionsOrderExecutor.swift */,
				25D11BEDEA402FA4CE038491 /* OptionsStrategyModeler.swift */,
				A4C54EF4BB7F4E9D9BCD6857 /* OrderExecutor.swift */,
				27CF33EB54D733E70CBF32FF /* TradingData.swift */,
				D1B8F541E6F7505D5071144D /* VirtualPortfolio.swift */,
			);
			name = Engines;
			path = BusinessLogic/Engines;
			sourceTree = "<group>";
		};
		43E2DD690256AC5812A76058 /* Networking */ = {
			isa = PBXGroup;
			children = (
				33F5E78BE847A41DFA0660D7 /* DataProviders.swift */,
				F5D26590F21171256F1048B8 /* NewsAPIClient.swift */,
				5E4A7B4D58C92B416F92C4B6 /* NIFTYOptionsDataProvider.swift */,
				64E441BDA5A2E1253E8A4053 /* ZerodhaAPIClient.swift */,
			);
			name = Networking;
			path = Services/Networking;
			sourceTree = "<group>";
		};
		5F9F4ED24EE945EBC3A77E88 /* Models */ = {
			isa = PBXGroup;
			children = (
				A06DC71AFD4EA1CFD4680127 /* PatternModels.swift */,
			);
			name = Models;
			path = Shared/Models;
			sourceTree = "<group>";
		};
		661348B727FD7623D82F15E4 /* Notifications */ = {
			isa = PBXGroup;
			children = (
			);
			name = Notifications;
			path = Services/Notifications;
			sourceTree = "<group>";
		};
		75925E33639A3E57362E535D /* Managers */ = {
			isa = PBXGroup;
			children = (
			);
			name = Managers;
			path = Data/Managers;
			sourceTree = "<group>";
		};
		7D31A6232FDF8BA2215FC5B4 /* Analyzers */ = {
			isa = PBXGroup;
			children = (
			);
			name = Analyzers;
			path = BusinessLogic/Analyzers;
			sourceTree = "<group>";
		};
		8FFA44AC04A19468E490940B /* Components */ = {
			isa = PBXGroup;
			children = (
			);
			name = Components;
			path = Presentation/Components;
			sourceTree = "<group>";
		};
		986AA51C66FA731DA805B38F /* Analytics */ = {
			isa = PBXGroup;
			children = (
				01C801A92EC09B26A0CD3AFD /* AnalyticsEnums.swift */,
				B77B493D0956F99265CA589E /* NIFTYOptionsDashboard.swift */,
				91A98AF3263BE7302686A0CD /* PerformanceOptimizer.swift */,
				2070AAC2DF4AAE8F9ABFFBCF /* RiskManagementDashboard.swift */,
			);
			name = Analytics;
			path = Services/Analytics;
			sourceTree = "<group>";
		};
		B99E436E2B1299A1B0FF80AD /* Tests */ = {
			isa = PBXGroup;
			children = (
				1539B835F0A8D6C70CF41DA0 /* Info.plist */,
				473963B861C75F541653B092 /* IntegrationTests.swift */,
				FB147D9F9ABD9812B4E91561 /* ProtocolConformanceTests.swift */,
				C4662DECE5B4B4483DD388BB /* UATTests.swift */,
				55AA08E68138E7756464F55D /* UnitTests.swift */,
			);
			path = Tests;
			sourceTree = "<group>";
		};
		BBCCE9BE9C052CC862DF06B5 /* Models */ = {
			isa = PBXGroup;
			children = (
				5B1144224EA2E94734E0A369 /* DataModels.swift */,
				8E738594B9BB686C33847C67 /* NewsArticle+CoreDataProperties.swift */,
				445AA9FE1BC1D646CE463C8C /* NIFTYOptionsDataModels.swift */,
				F2F3AB40B8BB7E78D9C43C86 /* SharedModels.swift */,
				EADDBC01B330F304A65906B1 /* TradingData+CoreDataProperties.swift */,
			);
			name = Models;
			path = Core/Models;
			sourceTree = "<group>";
		};
		E10F20375C3A391CD0BAEF7C /* Sources */ = {
			isa = PBXGroup;
			children = (
				D66ED26AD1BC09180F6BC227 /* ContentView.swift */,
				51188FCCC1D2612EFE7ED894 /* iOS-Trading-AppApp.swift */,
			);
			path = Sources;
			sourceTree = "<group>";
		};
		E26A68DDC6F51D534A4ED0F6 /* Protocols */ = {
			isa = PBXGroup;
			children = (
				C8B91860A584D3A2226A3B92 /* DataProviderProtocol.swift */,
				2154B87746F1C68867DC7219 /* EngineProtocol.swift */,
				BFAE9F9D1EE44B2EDD5DD1AD /* ServiceProtocol.swift */,
				49B1CCBEF5816EFD95367EF8 /* ViewModelProtocol.swift */,
			);
			name = Protocols;
			path = Core/Protocols;
			sourceTree = "<group>";
		};
		E4CC2524ECBD464359113F6A /* ViewModels */ = {
			isa = PBXGroup;
			children = (
				27729B18CCCC9B2D7107770A /* AdvancedRiskManager.swift */,
				27470A7B57E6B8C9260537AE /* AlertEngine.swift */,
				A9553C0E4B17EE3F73653A5B /* AuthManager.swift */,
				F29A49FE416832FB34C8FEB8 /* BacktestingEngine.swift */,
				423606E5E75E879804D50354 /* ContinuousLearningManager.swift */,
				F21FBDE36341565510C39E46 /* DataConnectionManager.swift */,
				F443D97350C4BF03B0296C7C /* DataExportManager.swift */,
				BF85AA78F247310CAAF784AB /* DataSyncManager.swift */,
				E51917E905906DD6F0C25D0A /* HistoricalDataEngine.swift */,
				4BB5F08C8F0114EF26C0698B /* HistoricalTrainingManager.swift */,
				040CF49CB8FBDAD40E1FE32F /* IntradayPatternEngine.swift */,
				C2B9E46840EAB8B7B06E78DD /* MLModelManager.swift */,
				1859E1C240537FBAD0D8C728 /* NotificationManager.swift */,
				598C784ADC912B1054889CC7 /* PatternRecognitionEngine.swift */,
				0675F2B943757ECF301E8E1A /* PerformanceAnalyticsEngine.swift */,
				9EA7F7A67E2EDBD21C889FA9 /* SecurityManager.swift */,
				3DD99653DD9130C7B0F547EE /* TechnicalAnalysisEngine.swift */,
				10192B4AE7444B4A1D3B90EA /* TechnicalIndicatorsManager.swift */,
				058327B9663FB84E64E5D686 /* TimeframeDataManager.swift */,
				1A0286D91D065B1F9E5CD1B7 /* TradeSuggestionManager.swift */,
				E03EB4EE84A53072A43639B4 /* WebSocketManager.swift */,
				9754FDAF88E39BF314A0CC39 /* ZerodhaAuthManager.swift */,
			);
			name = ViewModels;
			path = Presentation/ViewModels;
			sourceTree = "<group>";
		};
		EB0B98A0BCD645E8A30B2D67 /* Views */ = {
			isa = PBXGroup;
			children = (
				0D3CAD75531740A8170FE4CE /* AgentPerformanceDetailView.swift */,
				7DEF0F447404F81BA29F614E /* AIControlCenterView.swift */,
				85E61F3AF39BEE7C6C2D393B /* AnalyticsDashboardView.swift */,
				64623DE4DF3DC634DFDAC090 /* BacktestingView.swift */,
				D91A955CB885F8649C9989F2 /* ChartView.swift */,
				6E09489F37219CC03FEBAC5A /* CustomPatternCreationView.swift */,
				ADCBD059E1928EABB8EDC8D6 /* LoginView.swift */,
				3DCA29CD41094C9B1D736D39 /* PaperTradingView.swift */,
				A02FFFCC3025BE70E499754E /* PatternImportView.swift */,
				396990E108B8C83A15DF2117 /* PatternScannerView.swift */,
				07AB805ADA746E3E5DEFB00F /* PerformanceAnalyticsView.swift */,
				1D54A29963917B63B953A713 /* PortfolioAnalyticsView.swift */,
				C8C9F1B2E459A7B58235B5B6 /* SettingsView.swift */,
				75AB54B4F962B230C0C29451 /* TradeSuggestionView.swift */,
				B9373D9952361E374F8577EE /* TradingAnalyticsView.swift */,
			);
			name = Views;
			path = Presentation/Views;
			sourceTree = "<group>";
		};
		F9936815985B37CCA95D94ED /* Orchestrators */ = {
			isa = PBXGroup;
			children = (
				C2D935FCB6C8A727E33BB817 /* AgentCoordinator.swift */,
				672F53DFF40A9D7EF6A4868B /* AIAgentTrader.swift */,
				616E4F4900AEB9A39E78206F /* AITradingOrchestrator.swift */,
				31B9CE6A4410204BF563E2DE /* BaseAgent.swift */,
				04C6162D0C83610DE4468E30 /* MarketAnalysisAgent.swift */,
				33777CA4D735FA79E787CA21 /* RiskManagementAgent.swift */,
				2C5ED20292158AA89EFB8997 /* StrategySelectionAgent.swift */,
			);
			name = Orchestrators;
			path = BusinessLogic/Orchestrators;
			sourceTree = "<group>";
		};
		FDAFDE5F5C2D9F8D23353784 /* Providers */ = {
			isa = PBXGroup;
			children = (
			);
			name = Providers;
			path = Data/Providers;
			sourceTree = "<group>";
		};
/* End PBXGroup section */

/* Begin PBXNativeTarget section */
		0F59D7989A757EF8B0725397 /* iOS-Trading-App */ = {
			isa = PBXNativeTarget;
			buildConfigurationList = 67A77B60F49F7A239BF1DBA9 /* Build configuration list for PBXNativeTarget "iOS-Trading-App" */;
			buildPhases = (
				E3E426F3D82C031859C4127B /* Sources */,
				5AFB0BDE1A83AF0184D3FE28 /* Frameworks */,
				CF30A7872C2F46BB72BF01E5 /* Embed Frameworks */,
			);
			buildRules = (
			);
			dependencies = (
				9358289BE179FB82FCF1B2D7 /* PBXTargetDependency */,
			);
			name = "iOS-Trading-App";
			packageProductDependencies = (
			);
			productName = "iOS-Trading-App";
			productReference = AB09FDF2A16646F262C5ABE9 /* iOS-Trading-App.app */;
			productType = "com.apple.product-type.application";
		};
		9A9A675DEFE6704DA69194C9 /* SharedPatternModels */ = {
			isa = PBXNativeTarget;
			buildConfigurationList = 99C9BD53CE2BFB09CA6C88BD /* Build configuration list for PBXNativeTarget "SharedPatternModels" */;
			buildPhases = (
				9AA28B7E42064999CBF4D56B /* Sources */,
			);
			buildRules = (
			);
			dependencies = (
			);
			name = SharedPatternModels;
			packageProductDependencies = (
			);
			productName = SharedPatternModels;
			productReference = FAE83C9CCB98603A74770F3B /* SharedPatternModels.framework */;
			productType = "com.apple.product-type.framework";
		};
		B0F052DD4714394998B76E0E /* iOS-Trading-AppTests */ = {
			isa = PBXNativeTarget;
			buildConfigurationList = 810C93929C04E15F18E7DF47 /* Build configuration list for PBXNativeTarget "iOS-Trading-AppTests" */;
			buildPhases = (
				0719B2EBC7CE5453DEBF4A34 /* Sources */,
			);
			buildRules = (
			);
			dependencies = (
				01AA2BAA2A45C1D7EF82272D /* PBXTargetDependency */,
			);
			name = "iOS-Trading-AppTests";
			packageProductDependencies = (
			);
			productName = "iOS-Trading-AppTests";
			productReference = FA715AB68FE19BA9D34F5DA2 /* iOS-Trading-AppTests.xctest */;
			productType = "com.apple.product-type.bundle.unit-test";
		};
/* End PBXNativeTarget section */

/* Begin PBXProject section */
		C0C1453B651AE1E5412D3DD5 /* Project object */ = {
			isa = PBXProject;
			attributes = {
				BuildIndependentTargetsInParallel = YES;
				LastUpgradeCheck = 1430;
				TargetAttributes = {
					0F59D7989A757EF8B0725397 = {
						DevelopmentTeam = 54Z85P52PZ;
					};
				};
			};
			buildConfigurationList = 15E32CD6E3476663032CB306 /* Build configuration list for PBXProject "iOS-Trading-App" */;
			compatibilityVersion = "Xcode 14.0";
			developmentRegion = en;
			hasScannedForEncodings = 0;
			knownRegions = (
				Base,
				en,
			);
			mainGroup = 1551E4FA9D842DF8949EE085;
			minimizedProjectReferenceProxies = 1;
			preferredProjectObjectVersion = 77;
			projectDirPath = "";
			projectRoot = "";
			targets = (
				9A9A675DEFE6704DA69194C9 /* SharedPatternModels */,
				0F59D7989A757EF8B0725397 /* iOS-Trading-App */,
				B0F052DD4714394998B76E0E /* iOS-Trading-AppTests */,
			);
		};
/* End PBXProject section */

/* Begin PBXSourcesBuildPhase section */
		0719B2EBC7CE5453DEBF4A34 /* Sources */ = {
			isa = PBXSourcesBuildPhase;
			buildActionMask = 2147483647;
			files = (
				29B1EF28A5567096B07F6967 /* IntegrationTests.swift in Sources */,
				99673743093F476C95BCED1A /* ProtocolConformanceTests.swift in Sources */,
				550CDADE396D3ED801D1A145 /* UATTests.swift in Sources */,
				B343BBF8745C60DCB67BAFB9 /* UnitTests.swift in Sources */,
			);
			runOnlyForDeploymentPostprocessing = 0;
		};
		9AA28B7E42064999CBF4D56B /* Sources */ = {
			isa = PBXSourcesBuildPhase;
			buildActionMask = 2147483647;
			files = (
				52659545A9F3A65E6414DED7 /* PatternModels.swift in Sources */,
			);
			runOnlyForDeploymentPostprocessing = 0;
		};
		E3E426F3D82C031859C4127B /* Sources */ = {
			isa = PBXSourcesBuildPhase;
			buildActionMask = 2147483647;
			files = (
				F9AA460AA0C49546A20DB3E9 /* AIAgentTrader.swift in Sources */,
				D73860D615D0FE8F7A508BB6 /* AIControlCenterView.swift in Sources */,
				21798C5BD2AEBE62A66C9B12 /* AITradingOrchestrator.swift in Sources */,
				F9D60611346221A68DA5D205 /* AdvancedRiskManager.swift in Sources */,
				261597605451F14D4AB76782 /* AgentCoordinator.swift in Sources */,
				A880C2148DB710BDA851A217 /* AgentPerformanceDetailView.swift in Sources */,
				1C75A241A492220F270158A7 /* AlertConfiguration.swift in Sources */,
				235C5113C4CC6F2C8C2F09F2 /* AlertEngine.swift in Sources */,
				A2C49155DB40D2E6D581A29E /* AnalyticsDashboardView.swift in Sources */,
				9EA27650788B53F9E074F96B /* AnalyticsEnums.swift in Sources */,
				3CE8B45C9DD34A33DCED6FBE /* AppStorePrep.swift in Sources */,
				FCEC9F6B85F59BE4014F69F1 /* AuthManager.swift in Sources */,
				8A5B89572D84029F956B5F7D /* BacktestingEngine.swift in Sources */,
				EC2445484C62A43E03420230 /* BacktestingView.swift in Sources */,
				F6F88AE0EDD98646000B62C6 /* BaseAgent.swift in Sources */,
				BCCF9248A1FEB1675199287F /* ChartView.swift in Sources */,
				58E18834C8F8456321AAA0F2 /* Config.swift in Sources */,
				CE4281CDFCB8D8E42B3EA4EA /* ContentView.swift in Sources */,
				4355328919296B547920E666 /* ContinuousLearningManager.swift in Sources */,
				C41A8A2D25C3DCBA21737FD3 /* CustomPatternCreationView.swift in Sources */,
				0AC79E9AC0F93F8A21DABC9D /* DataConnectionManager.swift in Sources */,
				05992AB83596E51DC094548D /* DataExportManager.swift in Sources */,
				34A3492E388A157A0431D2E5 /* DataModels.swift in Sources */,
				6DB09EB2EC4171FCF4133CF6 /* DataProviderProtocol.swift in Sources */,
				317E233C86D3732166FD0C51 /* DataProviders.swift in Sources */,
				F93A7894F90A3FE73CC626E3 /* DataSyncManager.swift in Sources */,
				09C5B85B517B19DBEE7131B9 /* DataValidator.swift in Sources */,
				61AE6693DF56068F4F53F513 /* EngineProtocol.swift in Sources */,
				D008E222D229DB57A3A65EE5 /* HistoricalDataEngine.swift in Sources */,
				7450B7B3984B491D41B14A8E /* HistoricalTrainingManager.swift in Sources */,
				E13D37374CCB6627D849B412 /* ImpliedVolatilityAnalyzer.swift in Sources */,
				C334E73F84E1103FD7432A85 /* IntradayPatternEngine.swift in Sources */,
				E28C7227A850DDED481CDBF4 /* KeychainHelper.swift in Sources */,
				629011F2C9131B42C5FA5003 /* LaunchPrep.swift in Sources */,
				2AB2AB2DB13CC22780C631BF /* LoginView.swift in Sources */,
				AD777290AFD57F4D47CB3064 /* MLModelManager.swift in Sources */,
				3ABFF56A1740EEFA2FE23EF8 /* MarketAnalysisAgent.swift in Sources */,
				032FC8C187BB3FA9A9683F43 /* NIFTYOptionsDashboard.swift in Sources */,
				75468068A3F7FEA184B03728 /* NIFTYOptionsDataModels.swift in Sources */,
				BD78641D8EA0CAAD1604164C /* NIFTYOptionsDataProvider.swift in Sources */,
				F82065D436E3F23188B2F363 /* NewsAPIClient.swift in Sources */,
				BE262E3DF74ECEBC66D489E8 /* NewsArticle+CoreDataProperties.swift in Sources */,
				0CB0A08269CA55AB81BEF080 /* NewsArticle.swift in Sources */,
				07190A533C5DDBCF9547D354 /* NotificationManager.swift in Sources */,
				4B91DA7DF550259D704D213E /* OptionsChainAnalyzer.swift in Sources */,
				09948ADE3962FD4C4BCD17A3 /* OptionsGreeksCalculator.swift in Sources */,
				C544147BBBBD238E04A45665 /* OptionsOrderExecutor.swift in Sources */,
				8CEC948062978B68B70FEC29 /* OptionsStrategyModeler.swift in Sources */,
				754FE2EF94F00E50908CDB3D /* OrderExecutor.swift in Sources */,
				61E74211D36236B1794566EB /* PLCalculator.swift in Sources */,
				75363FC137701816784D9101 /* PaperTradingView.swift in Sources */,
				5868E0EC5F8AA22E45A6BAFF /* PatternImportView.swift in Sources */,
				C79E9AA8F4CB5BF3EAE544A8 /* PatternModels.swift in Sources */,
				5F3BE8AE9A8F71DF551D14AD /* PatternRecognitionEngine.swift in Sources */,
				4625C7DDDB7506937E9F8A80 /* PatternScannerView.swift in Sources */,
				4DC8DFA37286E8CD7A825F31 /* PerformanceAnalyticsEngine.swift in Sources */,
				AABDB9772E0D098B6C3DCC68 /* PerformanceAnalyticsView.swift in Sources */,
				4150F5859300A1CCB5F34098 /* PerformanceOptimizer.swift in Sources */,
				FACE43A286A6F53DB8D62939 /* Persistence.swift in Sources */,
				A4F2AC35FF1CEEF43D4D855B /* PortfolioAnalyticsView.swift in Sources */,
				68A2447F683652287590985C /* RiskManagementAgent.swift in Sources */,
				C8FCAC86E207BFB6359DE691 /* RiskManagementDashboard.swift in Sources */,
				297954F826D4BD6E838E4B35 /* SecurityManager.swift in Sources */,
				73D255C32D78975C09B1616C /* SentimentAnalyzer.swift in Sources */,
				5919DA54E17F37B79640B0CA /* ServiceProtocol.swift in Sources */,
				096D77BDFD7AC5D7C47A9239 /* SettingsView.swift in Sources */,
				3117C08713401ADE1AE35C47 /* SharedModels.swift in Sources */,
				ABA198DBA063F83A515F3D18 /* StrategySelectionAgent.swift in Sources */,
				CD69B3BA31F7A24C50633887 /* TechnicalAnalysisEngine.swift in Sources */,
				058BAF344336876112282DC6 /* TechnicalIndicatorsManager.swift in Sources */,
				7E97F6796EFF04582215ABA6 /* TimeframeDataManager.swift in Sources */,
				56EA4DAD605D364CAD322CE5 /* TradeSuggestionAlert.swift in Sources */,
				768B7BEF94BB951E063A3E2E /* TradeSuggestionExtensions.swift in Sources */,
				69814886B25A37BE3091B1C5 /* TradeSuggestionManager.swift in Sources */,
				0519FE480620150ABDA8ACD8 /* TradeSuggestionView.swift in Sources */,
				0470F0865E4A717A12115E5A /* TradingAnalyticsView.swift in Sources */,
				DA810A18FE2E06FF37CD97CA /* TradingData+CoreDataProperties.swift in Sources */,
				C7D03642C425D0150B971F14 /* TradingData.swift in Sources */,
				229A06CA2DA338A51E1CB4FE /* UIHelpers.swift in Sources */,
				69401DCC6A35702B2ABA9C08 /* ViewModelProtocol.swift in Sources */,
				DF489CC2F22B33BC504A4E52 /* VirtualPortfolio.swift in Sources */,
				5BDEE0F07EA69F8D842DA40C /* WebSocketManager.swift in Sources */,
				9E007A28342033FFC8FDF2B3 /* ZerodhaAPIClient.swift in Sources */,
				76DC291D93CE2697F2B67144 /* ZerodhaAuthManager.swift in Sources */,
				2CC73B69BD8033A81770293F /* iOS-Trading-AppApp.swift in Sources */,
			);
			runOnlyForDeploymentPostprocessing = 0;
		};
/* End PBXSourcesBuildPhase section */

/* Begin PBXTargetDependency section */
		01AA2BAA2A45C1D7EF82272D /* PBXTargetDependency */ = {
			isa = PBXTargetDependency;
			target = 0F59D7989A757EF8B0725397 /* iOS-Trading-App */;
			targetProxy = 49EE7717DBBD1947A4A2481F /* PBXContainerItemProxy */;
		};
		9358289BE179FB82FCF1B2D7 /* PBXTargetDependency */ = {
			isa = PBXTargetDependency;
			target = 9A9A675DEFE6704DA69194C9 /* SharedPatternModels */;
			targetProxy = A701EB950F101720E9BCA966 /* PBXContainerItemProxy */;
		};
/* End PBXTargetDependency section */

/* Begin XCBuildConfiguration section */
		26CF85574FC37BCF65AB24AD /* Release */ = {
			isa = XCBuildConfiguration;
			buildSettings = {
				ASSETCATALOG_COMPILER_APPICON_NAME = AppIcon;
				CODE_SIGN_IDENTITY = "Apple Development";
				CODE_SIGN_STYLE = Automatic;
				DEVELOPMENT_TEAM = 54Z85P52PZ;
				INFOPLIST_FILE = Info.plist;
				IPHONEOS_DEPLOYMENT_TARGET = 17.0;
				LD_RUNPATH_SEARCH_PATHS = (
					"$(inherited)",
					"@executable_path/Frameworks",
				);
				PRODUCT_BUNDLE_IDENTIFIER = "com.example.iOS-Trading-App";
				SDKROOT = iphoneos;
				TARGETED_DEVICE_FAMILY = "1,2";
				VALID_ARCHS = "arm64 x86_64";
			};
			name = Release;
		};
		3493D713F7FBE02E9032149C /* Debug */ = {
			isa = XCBuildConfiguration;
			buildSettings = {
				ALWAYS_SEARCH_USER_PATHS = NO;
				CLANG_ANALYZER_NONNULL = YES;
				CLANG_ANALYZER_NUMBER_OBJECT_CONVERSION = YES_AGGRESSIVE;
				CLANG_CXX_LANGUAGE_STANDARD = "gnu++14";
				CLANG_CXX_LIBRARY = "libc++";
				CLANG_ENABLE_MODULES = YES;
				CLANG_ENABLE_OBJC_ARC = YES;
				CLANG_ENABLE_OBJC_WEAK = YES;
				CLANG_WARN_BLOCK_CAPTURE_AUTORELEASING = YES;
				CLANG_WARN_BOOL_CONVERSION = YES;
				CLANG_WARN_COMMA = YES;
				CLANG_WARN_CONSTANT_CONVERSION = YES;
				CLANG_WARN_DEPRECATED_OBJC_IMPLEMENTATIONS = YES;
				CLANG_WARN_DIRECT_OBJC_ISA_USAGE = YES_ERROR;
				CLANG_WARN_DOCUMENTATION_COMMENTS = YES;
				CLANG_WARN_EMPTY_BODY = YES;
				CLANG_WARN_ENUM_CONVERSION = YES;
				CLANG_WARN_INFINITE_RECURSION = YES;
				CLANG_WARN_INT_CONVERSION = YES;
				CLANG_WARN_NON_LITERAL_NULL_CONVERSION = YES;
				CLANG_WARN_OBJC_IMPLICIT_RETAIN_SELF = YES;
				CLANG_WARN_OBJC_LITERAL_CONVERSION = YES;
				CLANG_WARN_OBJC_ROOT_CLASS = YES_ERROR;
				CLANG_WARN_QUOTED_INCLUDE_IN_FRAMEWORK_HEADER = YES;
				CLANG_WARN_RANGE_LOOP_ANALYSIS = YES;
				CLANG_WARN_STRICT_PROTOTYPES = YES;
				CLANG_WARN_SUSPICIOUS_MOVE = YES;
				CLANG_WARN_UNGUARDED_AVAILABILITY = YES_AGGRESSIVE;
				CLANG_WARN_UNREACHABLE_CODE = YES;
				CLANG_WARN__DUPLICATE_METHOD_MATCH = YES;
				COPY_PHASE_STRIP = NO;
				DEBUG_INFORMATION_FORMAT = dwarf;
				ENABLE_STRICT_OBJC_MSGSEND = YES;
				ENABLE_TESTABILITY = YES;
				GCC_C_LANGUAGE_STANDARD = gnu11;
				GCC_DYNAMIC_NO_PIC = NO;
				GCC_NO_COMMON_BLOCKS = YES;
				GCC_OPTIMIZATION_LEVEL = 0;
				GCC_PREPROCESSOR_DEFINITIONS = (
					"$(inherited)",
					"DEBUG=1",
				);
				GCC_WARN_64_TO_32_BIT_CONVERSION = YES;
				GCC_WARN_ABOUT_RETURN_TYPE = YES_ERROR;
				GCC_WARN_UNDECLARED_SELECTOR = YES;
				GCC_WARN_UNINITIALIZED_AUTOS = YES_AGGRESSIVE;
				GCC_WARN_UNUSED_FUNCTION = YES;
				GCC_WARN_UNUSED_VARIABLE = YES;
				MTL_ENABLE_DEBUG_INFO = INCLUDE_SOURCE;
				MTL_FAST_MATH = YES;
				ONLY_ACTIVE_ARCH = YES;
				PRODUCT_NAME = "$(TARGET_NAME)";
				SDKROOT = iphoneos;
				SWIFT_ACTIVE_COMPILATION_CONDITIONS = DEBUG;
				SWIFT_OPTIMIZATION_LEVEL = "-Onone";
				SWIFT_VERSION = 5.0;
			};
			name = Debug;
		};
		660E6E9E277625A981E7FD58 /* Release */ = {
			isa = XCBuildConfiguration;
			buildSettings = {
				CODE_SIGN_IDENTITY = "";
				CURRENT_PROJECT_VERSION = 1;
				DEFINES_MODULE = YES;
				DYLIB_COMPATIBILITY_VERSION = 1;
				DYLIB_CURRENT_VERSION = 1;
				DYLIB_INSTALL_NAME_BASE = "@rpath";
				GENERATE_INFOPLIST_FILE = YES;
				INSTALL_PATH = "$(LOCAL_LIBRARY_DIR)/Frameworks";
				IPHONEOS_DEPLOYMENT_TARGET = 17.0;
				LD_RUNPATH_SEARCH_PATHS = (
					"$(inherited)",
					"@executable_path/Frameworks",
				);
				PRODUCT_BUNDLE_IDENTIFIER = com.example.SharedPatternModels;
				SDKROOT = iphoneos;
				SKIP_INSTALL = YES;
				TARGETED_DEVICE_FAMILY = "1,2";
				VERSIONING_SYSTEM = "apple-generic";
			};
			name = Release;
		};
		874CE7601801DF3D4BFDE6A7 /* Debug */ = {
			isa = XCBuildConfiguration;
			buildSettings = {
				ASSETCATALOG_COMPILER_APPICON_NAME = AppIcon;
				CODE_SIGNING_ALLOWED = NO;
				CODE_SIGNING_REQUIRED = NO;
				CODE_SIGN_IDENTITY = "-";
				CODE_SIGN_STYLE = Manual;
				DEVELOPMENT_TEAM = 54Z85P52PZ;
				INFOPLIST_FILE = Info.plist;
				IPHONEOS_DEPLOYMENT_TARGET = 17.0;
				LD_RUNPATH_SEARCH_PATHS = (
					"$(inherited)",
					"@executable_path/Frameworks",
				);
				PRODUCT_BUNDLE_IDENTIFIER = "com.example.iOS-Trading-App";
				SDKROOT = iphoneos;
				TARGETED_DEVICE_FAMILY = "1,2";
				VALID_ARCHS = "arm64 x86_64";
			};
			name = Debug;
		};
		A70948C087CC79515E87F76C /* Release */ = {
			isa = XCBuildConfiguration;
			buildSettings = {
				ALWAYS_SEARCH_USER_PATHS = NO;
				CLANG_ANALYZER_NONNULL = YES;
				CLANG_ANALYZER_NUMBER_OBJECT_CONVERSION = YES_AGGRESSIVE;
				CLANG_CXX_LANGUAGE_STANDARD = "gnu++14";
				CLANG_CXX_LIBRARY = "libc++";
				CLANG_ENABLE_MODULES = YES;
				CLANG_ENABLE_OBJC_ARC = YES;
				CLANG_ENABLE_OBJC_WEAK = YES;
				CLANG_WARN_BLOCK_CAPTURE_AUTORELEASING = YES;
				CLANG_WARN_BOOL_CONVERSION = YES;
				CLANG_WARN_COMMA = YES;
				CLANG_WARN_CONSTANT_CONVERSION = YES;
				CLANG_WARN_DEPRECATED_OBJC_IMPLEMENTATIONS = YES;
				CLANG_WARN_DIRECT_OBJC_ISA_USAGE = YES_ERROR;
				CLANG_WARN_DOCUMENTATION_COMMENTS = YES;
				CLANG_WARN_EMPTY_BODY = YES;
				CLANG_WARN_ENUM_CONVERSION = YES;
				CLANG_WARN_INFINITE_RECURSION = YES;
				CLANG_WARN_INT_CONVERSION = YES;
				CLANG_WARN_NON_LITERAL_NULL_CONVERSION = YES;
				CLANG_WARN_OBJC_IMPLICIT_RETAIN_SELF = YES;
				CLANG_WARN_OBJC_LITERAL_CONVERSION = YES;
				CLANG_WARN_OBJC_ROOT_CLASS = YES_ERROR;
				CLANG_WARN_QUOTED_INCLUDE_IN_FRAMEWORK_HEADER = YES;
				CLANG_WARN_RANGE_LOOP_ANALYSIS = YES;
				CLANG_WARN_STRICT_PROTOTYPES = YES;
				CLANG_WARN_SUSPICIOUS_MOVE = YES;
				CLANG_WARN_UNGUARDED_AVAILABILITY = YES_AGGRESSIVE;
				CLANG_WARN_UNREACHABLE_CODE = YES;
				CLANG_WARN__DUPLICATE_METHOD_MATCH = YES;
				COPY_PHASE_STRIP = NO;
				DEBUG_INFORMATION_FORMAT = "dwarf-with-dsym";
				ENABLE_NS_ASSERTIONS = NO;
				ENABLE_STRICT_OBJC_MSGSEND = YES;
				GCC_C_LANGUAGE_STANDARD = gnu11;
				GCC_NO_COMMON_BLOCKS = YES;
				GCC_WARN_64_TO_32_BIT_CONVERSION = YES;
				GCC_WARN_ABOUT_RETURN_TYPE = YES_ERROR;
				GCC_WARN_UNDECLARED_SELECTOR = YES;
				GCC_WARN_UNINITIALIZED_AUTOS = YES_AGGRESSIVE;
				GCC_WARN_UNUSED_FUNCTION = YES;
				GCC_WARN_UNUSED_VARIABLE = YES;
				MTL_ENABLE_DEBUG_INFO = NO;
				MTL_FAST_MATH = YES;
				PRODUCT_NAME = "$(TARGET_NAME)";
				SDKROOT = iphoneos;
				SWIFT_COMPILATION_MODE = wholemodule;
				SWIFT_OPTIMIZATION_LEVEL = "-O";
				SWIFT_VERSION = 5.0;
			};
			name = Release;
		};
		A96CFA72E36BDA656EED3433 /* Release */ = {
			isa = XCBuildConfiguration;
			buildSettings = {
				BUNDLE_LOADER = "$(TEST_HOST)";
				INFOPLIST_FILE = Tests/Info.plist;
				IPHONEOS_DEPLOYMENT_TARGET = 17.0;
				LD_RUNPATH_SEARCH_PATHS = (
					"$(inherited)",
					"@executable_path/Frameworks",
					"@loader_path/Frameworks",
				);
				PRODUCT_BUNDLE_IDENTIFIER = "com.example.iOS-Trading-AppTests";
				SDKROOT = iphoneos;
				TARGETED_DEVICE_FAMILY = "1,2";
				TEST_HOST = "$(BUILT_PRODUCTS_DIR)/iOS-Trading-App.app/iOS-Trading-App";
			};
			name = Release;
		};
		AE801CAC6095EB61A568F901 /* Debug */ = {
			isa = XCBuildConfiguration;
			buildSettings = {
				CODE_SIGN_IDENTITY = "";
				CURRENT_PROJECT_VERSION = 1;
				DEFINES_MODULE = YES;
				DYLIB_COMPATIBILITY_VERSION = 1;
				DYLIB_CURRENT_VERSION = 1;
				DYLIB_INSTALL_NAME_BASE = "@rpath";
				GENERATE_INFOPLIST_FILE = YES;
				INSTALL_PATH = "$(LOCAL_LIBRARY_DIR)/Frameworks";
				IPHONEOS_DEPLOYMENT_TARGET = 17.0;
				LD_RUNPATH_SEARCH_PATHS = (
					"$(inherited)",
					"@executable_path/Frameworks",
				);
				PRODUCT_BUNDLE_IDENTIFIER = com.example.SharedPatternModels;
				SDKROOT = iphoneos;
				SKIP_INSTALL = YES;
				TARGETED_DEVICE_FAMILY = "1,2";
				VERSIONING_SYSTEM = "apple-generic";
			};
			name = Debug;
		};
		D8BBD7AB293C23C092DD105A /* Debug */ = {
			isa = XCBuildConfiguration;
			buildSettings = {
				BUNDLE_LOADER = "$(TEST_HOST)";
				INFOPLIST_FILE = Tests/Info.plist;
				IPHONEOS_DEPLOYMENT_TARGET = 17.0;
				LD_RUNPATH_SEARCH_PATHS = (
					"$(inherited)",
					"@executable_path/Frameworks",
					"@loader_path/Frameworks",
				);
				PRODUCT_BUNDLE_IDENTIFIER = "com.example.iOS-Trading-AppTests";
				SDKROOT = iphoneos;
				TARGETED_DEVICE_FAMILY = "1,2";
				TEST_HOST = "$(BUILT_PRODUCTS_DIR)/iOS-Trading-App.app/iOS-Trading-App";
			};
			name = Debug;
		};
/* End XCBuildConfiguration section */

/* Begin XCConfigurationList section */
		15E32CD6E3476663032CB306 /* Build configuration list for PBXProject "iOS-Trading-App" */ = {
			isa = XCConfigurationList;
			buildConfigurations = (
				3493D713F7FBE02E9032149C /* Debug */,
				A70948C087CC79515E87F76C /* Release */,
			);
			defaultConfigurationIsVisible = 0;
			defaultConfigurationName = Debug;
		};
		67A77B60F49F7A239BF1DBA9 /* Build configuration list for PBXNativeTarget "iOS-Trading-App" */ = {
			isa = XCConfigurationList;
			buildConfigurations = (
				874CE7601801DF3D4BFDE6A7 /* Debug */,
				26CF85574FC37BCF65AB24AD /* Release */,
			);
			defaultConfigurationIsVisible = 0;
			defaultConfigurationName = Debug;
		};
		810C93929C04E15F18E7DF47 /* Build configuration list for PBXNativeTarget "iOS-Trading-AppTests" */ = {
			isa = XCConfigurationList;
			buildConfigurations = (
				D8BBD7AB293C23C092DD105A /* Debug */,
				A96CFA72E36BDA656EED3433 /* Release */,
			);
			defaultConfigurationIsVisible = 0;
			defaultConfigurationName = Debug;
		};
		99C9BD53CE2BFB09CA6C88BD /* Build configuration list for PBXNativeTarget "SharedPatternModels" */ = {
			isa = XCConfigurationList;
			buildConfigurations = (
				AE801CAC6095EB61A568F901 /* Debug */,
				660E6E9E277625A981E7FD58 /* Release */,
			);
			defaultConfigurationIsVisible = 0;
			defaultConfigurationName = Debug;
		};
/* End XCConfigurationList section */
	};
	rootObject = C0C1453B651AE1E5412D3DD5 /* Project object */;
}
